{
	"name": "slow-example",
	"version": "0.0.1-demo",
	"lockfileVersion": 2,
	"requires": true,
	"packages": {
		"": {
			"name": "slow-example",
			"version": "0.0.1-demo",
			"license": "MIT",
			"dependencies": {
				"reflect-metadata": "^0.1.13"
			}
		},
		"../web": {
			"name": "slow-web",
			"version": "0.0.1-demo",
			"extraneous": true,
			"license": "MIT",
			"dependencies": {
				"koa-body": "^4.2.0",
				"koa-router": "^10.0.0",
				"reflect-metadata": "^0.1.13",
				"slow-core": "^0.0.1-demo",
				"slow-logger": "^0.0.1-demo"
			}
		},
		"node_modules/reflect-metadata": {
			"version": "0.1.13",
			"resolved": "https://registry.npmjs.org/reflect-metadata/-/reflect-metadata-0.1.13.tgz",
			"integrity": "sha512-Ts1Y/anZELhSsjMcU605fU9RE4Oi3p5ORujwbIKXfWa+0Zxs510Qrmrce5/Jowq3cHSZSJqBjypxmHarc+vEWg=="
		}
	},
	"dependencies": {
		"reflect-metadata": {
			"version": "0.1.13",
			"resolved": "https://registry.npmjs.org/reflect-metadata/-/reflect-metadata-0.1.13.tgz",
			"integrity": "sha512-Ts1Y/anZELhSsjMcU605fU9RE4Oi3p5ORujwbIKXfWa+0Zxs510Qrmrce5/Jowq3cHSZSJqBjypxmHarc+vEWg=="
		}
	}
}
