{
	"name": "slow-logger",
	"version": "0.0.2-demo.0",
	"lockfileVersion": 2,
	"requires": true,
	"packages": {
		"": {
			"name": "slow-logger",
			"version": "0.0.1-demo",
			"license": "MIT",
			"dependencies": {
				"@types/debug": "^4.1.6",
				"debug": "^4.1.0",
				"reflect-metadata": "^0.1.13"
			}
		},
		"node_modules/@types/debug": {
			"version": "4.1.6",
			"resolved": "https://registry.npmjs.org/@types/debug/-/debug-4.1.6.tgz",
			"integrity": "sha512-7fDOJFA/x8B+sO1901BmHlf5dE1cxBU8mRXj8QOEDnn16hhGJv/IHxJtZhvsabZsIMn0eLIyeOKAeqSNJJYTpA=="
		},
		"node_modules/debug": {
			"version": "4.3.1",
			"resolved": "https://registry.npmjs.org/debug/-/debug-4.3.1.tgz",
			"integrity": "sha512-doEwdvm4PCeK4K3RQN2ZC2BYUBaxwLARCqZmMjtF8a51J2Rb0xpVloFRnCODwqjpwnAoao4pelN8l3RJdv3gRQ==",
			"dependencies": {
				"ms": "2.1.2"
			},
			"engines": {
				"node": ">=6.0"
			},
			"peerDependenciesMeta": {
				"supports-color": {
					"optional": true
				}
			}
		},
		"node_modules/ms": {
			"version": "2.1.2",
			"resolved": "https://registry.npmjs.org/ms/-/ms-2.1.2.tgz",
			"integrity": "sha512-sGkPx+VjMtmA6MX27oA4FBFELFCZZ4S4XqeGOXCv68tT+jb3vk/RyaKWP0PTKyWtmLSM0b+adUTEvbs1PEaH2w=="
		},
		"node_modules/reflect-metadata": {
			"version": "0.1.13",
			"resolved": "https://registry.npmjs.org/reflect-metadata/-/reflect-metadata-0.1.13.tgz",
			"integrity": "sha512-Ts1Y/anZELhSsjMcU605fU9RE4Oi3p5ORujwbIKXfWa+0Zxs510Qrmrce5/Jowq3cHSZSJqBjypxmHarc+vEWg=="
		}
	},
	"dependencies": {
		"@types/debug": {
			"version": "4.1.6",
			"resolved": "https://registry.npmjs.org/@types/debug/-/debug-4.1.6.tgz",
			"integrity": "sha512-7fDOJFA/x8B+sO1901BmHlf5dE1cxBU8mRXj8QOEDnn16hhGJv/IHxJtZhvsabZsIMn0eLIyeOKAeqSNJJYTpA=="
		},
		"debug": {
			"version": "4.3.1",
			"resolved": "https://registry.npmjs.org/debug/-/debug-4.3.1.tgz",
			"integrity": "sha512-doEwdvm4PCeK4K3RQN2ZC2BYUBaxwLARCqZmMjtF8a51J2Rb0xpVloFRnCODwqjpwnAoao4pelN8l3RJdv3gRQ==",
			"requires": {
				"ms": "2.1.2"
			}
		},
		"ms": {
			"version": "2.1.2",
			"resolved": "https://registry.npmjs.org/ms/-/ms-2.1.2.tgz",
			"integrity": "sha512-sGkPx+VjMtmA6MX27oA4FBFELFCZZ4S4XqeGOXCv68tT+jb3vk/RyaKWP0PTKyWtmLSM0b+adUTEvbs1PEaH2w=="
		},
		"reflect-metadata": {
			"version": "0.1.13",
			"resolved": "https://registry.npmjs.org/reflect-metadata/-/reflect-metadata-0.1.13.tgz",
			"integrity": "sha512-Ts1Y/anZELhSsjMcU605fU9RE4Oi3p5ORujwbIKXfWa+0Zxs510Qrmrce5/Jowq3cHSZSJqBjypxmHarc+vEWg=="
		}
	}
}
